
Microsoft Visual Studio Solution File, Format Version 12.00
# Visual Studio Version 16
VisualStudioVersion = 16.0.31402.337
MinimumVisualStudioVersion = 10.0.40219.1
Project("{9A19103F-16F7-4668-BE54-9A1E7A4F7556}") = "BlazorPeliculas.Server", "BlazorPeliculas\Server\BlazorPeliculas.Server.csproj", "{507B7AF7-C979-49AD-AD58-8C4C93E4A025}"
EndProject
Project("{9A19103F-16F7-4668-BE54-9A1E7A4F7556}") = "BlazorPeliculas.Client", "BlazorPeliculas\Client\BlazorPeliculas.Client.csproj", "{A6256D2A-13DB-4986-80B6-931542B8D0DF}"
EndProject
Project("{9A19103F-16F7-4668-BE54-9A1E7A4F7556}") = "BlazorPeliculas.Shared", "BlazorPeliculas\Shared\BlazorPeliculas.Shared.csproj", "{DFFE8DAE-FFF8-446F-9C8F-D7A0A134A177}"
EndProject
Global
	GlobalSection(SolutionConfigurationPlatforms) = preSolution
		Debug|Any CPU = Debug|Any CPU
		Release|Any CPU = Release|Any CPU
	EndGlobalSection
	GlobalSection(ProjectConfigurationPlatforms) = postSolution
		{507B7AF7-C979-49AD-AD58-8C4C93E4A025}.Debug|Any CPU.ActiveCfg = Debug|Any CPU
		{507B7AF7-C979-49AD-AD58-8C4C93E4A025}.Debug|Any CPU.Build.0 = Debug|Any CPU
		{507B7AF7-C979-49AD-AD58-8C4C93E4A025}.Release|Any CPU.ActiveCfg = Release|Any CPU
		{507B7AF7-C979-49AD-AD58-8C4C93E4A025}.Release|Any CPU.Build.0 = Release|Any CPU
		{A6256D2A-13DB-4986-80B6-931542B8D0DF}.Debug|Any CPU.ActiveCfg = Debug|Any CPU
		{A6256D2A-13DB-4986-80B6-931542B8D0DF}.Debug|Any CPU.Build.0 = Debug|Any CPU
		{A6256D2A-13DB-4986-80B6-931542B8D0DF}.Release|Any CPU.ActiveCfg = Release|Any CPU
		{A6256D2A-13DB-4986-80B6-931542B8D0DF}.Release|Any CPU.Build.0 = Release|Any CPU
		{DFFE8DAE-FFF8-446F-9C8F-D7A0A134A177}.Debug|Any CPU.ActiveCfg = Debug|Any CPU
		{DFFE8DAE-FFF8-446F-9C8F-D7A0A134A177}.Debug|Any CPU.Build.0 = Debug|Any CPU
		{DFFE8DAE-FFF8-446F-9C8F-D7A0A134A177}.Release|Any CPU.ActiveCfg = Release|Any CPU
		{DFFE8DAE-FFF8-446F-9C8F-D7A0A134A177}.Release|Any CPU.Build.0 = Release|Any CPU
	EndGlobalSection
	GlobalSection(SolutionProperties) = preSolution
		HideSolutionNode = FALSE
	EndGlobalSection
	GlobalSection(ExtensibilityGlobals) = postSolution
		SolutionGuid = {583E7520-868B-4320-BEB8-F332EE237FB9}
	EndGlobalSection
EndGlobal
